
Microsoft Visual Studio Solution File, Format Version 12.00
# Visual Studio Version 17
VisualStudioVersion = 17.0.31903.59
MinimumVisualStudioVersion = 10.0.40219.1
Project("{2150E333-8FDC-42A3-9474-1A3956D46DE8}") = "tests", "tests", "{AB5F21E4-516C-42A3-B632-2AFE4EDB09D1}"
EndProject
Project("{FAE04EC0-301F-11D3-BF4B-00C04F79EFBC}") = "AutoElevateLauncher.Tests", "tests\AutoElevateLauncher.Tests\AutoElevateLauncher.Tests.csproj", "{89A23EE2-E0F1-451C-AC4E-9652F3A9A9F2}"
EndProject
Project("{2150E333-8FDC-42A3-9474-1A3956D46DE8}") = "src", "src", "{D9E06C32-D3E3-4CBA-A7D1-15419CF1E5D3}"
EndProject
Project("{FAE04EC0-301F-11D3-BF4B-00C04F79EFBC}") = "AutoElevateLauncher", "src\AutoElevateLauncher\AutoElevateLauncher.csproj", "{EFF1C748-717D-4C71-8B47-A9434DD801BB}"
EndProject
Global
	GlobalSection(SolutionConfigurationPlatforms) = preSolution
		Debug|Any CPU = Debug|Any CPU
		Release|Any CPU = Release|Any CPU
	EndGlobalSection
	GlobalSection(SolutionProperties) = preSolution
		HideSolutionNode = FALSE
	EndGlobalSection
	GlobalSection(ProjectConfigurationPlatforms) = postSolution
		{89A23EE2-E0F1-451C-AC4E-9652F3A9A9F2}.Debug|Any CPU.ActiveCfg = Debug|Any CPU
		{89A23EE2-E0F1-451C-AC4E-9652F3A9A9F2}.Debug|Any CPU.Build.0 = Debug|Any CPU
		{89A23EE2-E0F1-451C-AC4E-9652F3A9A9F2}.Release|Any CPU.ActiveCfg = Release|Any CPU
		{89A23EE2-E0F1-451C-AC4E-9652F3A9A9F2}.Release|Any CPU.Build.0 = Release|Any CPU
		{EFF1C748-717D-4C71-8B47-A9434DD801BB}.Debug|Any CPU.ActiveCfg = Debug|Any CPU
		{EFF1C748-717D-4C71-8B47-A9434DD801BB}.Debug|Any CPU.Build.0 = Debug|Any CPU
		{EFF1C748-717D-4C71-8B47-A9434DD801BB}.Release|Any CPU.ActiveCfg = Release|Any CPU
		{EFF1C748-717D-4C71-8B47-A9434DD801BB}.Release|Any CPU.Build.0 = Release|Any CPU
	EndGlobalSection
	GlobalSection(NestedProjects) = preSolution
		{89A23EE2-E0F1-451C-AC4E-9652F3A9A9F2} = {AB5F21E4-516C-42A3-B632-2AFE4EDB09D1}
		{EFF1C748-717D-4C71-8B47-A9434DD801BB} = {D9E06C32-D3E3-4CBA-A7D1-15419CF1E5D3}
	EndGlobalSection
EndGlobal
